// !$*UTF8*$!
{
	archiveVersion = 1;
	classes = {
	};
	objectVersion = 46;
	objects = {
/* Begin PBXBuildFile section */
		0207DA581B56EA530066E2B4 /* Images.xcassets in Resources */ = {isa = PBXBuildFile; fileRef = 0207DA571B56EA530066E2B4 /* Images.xcassets */; };
		1D3623260D0F684500981E51 /* AppDelegate.m in Sources */ = {isa = PBXBuildFile; fileRef = 1D3623250D0F684500981E51 /* AppDelegate.m */; };
		1D60589B0D05DD56006BFB54 /* main.m in Sources */ = {isa = PBXBuildFile; fileRef = 29B97316FDCFA39411CA2CEA /* main.m */; };
		301BF552109A68D80062928A /* libCordova.a in Frameworks */ = {isa = PBXBuildFile; fileRef = 301BF535109A57CC0062928A /* libCordova.a */; };
		302D95F114D2391D003F00A1 /* MainViewController.m in Sources */ = {isa = PBXBuildFile; fileRef = 302D95EF14D2391D003F00A1 /* MainViewController.m */; };
		302D95F214D2391D003F00A1 /* MainViewController.xib in Resources */ = {isa = PBXBuildFile; fileRef = 302D95F014D2391D003F00A1 /* MainViewController.xib */; };
		3047A5121AB8059700498E2A /* build-debug.xcconfig in Resources */ = {isa = PBXBuildFile; fileRef = 3047A50F1AB8059700498E2A /* build-debug.xcconfig */; };
		3047A5131AB8059700498E2A /* build-release.xcconfig in Resources */ = {isa = PBXBuildFile; fileRef = 3047A5101AB8059700498E2A /* build-release.xcconfig */; };
		3047A5141AB8059700498E2A /* build.xcconfig in Resources */ = {isa = PBXBuildFile; fileRef = 3047A5111AB8059700498E2A /* build.xcconfig */; };
		30C5FD277E3941BC8DBE4F5D /* UIImage+CropScaleOrientation.m in Sources */ = {isa = PBXBuildFile; fileRef = AD64ADE8A39C4B27B410CCBA /* UIImage+CropScaleOrientation.m */; };
		4297072B1E044745BA349785 /* CDVCamera.m in Sources */ = {isa = PBXBuildFile; fileRef = DC0C6D39A2624CEB9F0067C9 /* CDVCamera.m */; };
		E7CB817653E544A29BA22E94 /* CDVJpegHeaderWriter.m in Sources */ = {isa = PBXBuildFile; fileRef = D5217B6C338F40EC99BAB2C5 /* CDVJpegHeaderWriter.m */; };
		6B690616019245F98DE0EB8D /* ImageIO.framework in Frameworks */ = {isa = PBXBuildFile; fileRef = 7A2159ACFB564D2383FC2283 /* ImageIO.framework */; settings = {ATTRIBUTES = (Weak, ); }; };
		215AD00EB52748A7BD0419DE /* CoreLocation.framework in Frameworks */ = {isa = PBXBuildFile; fileRef = 4D3053C52EB54CEA99931645 /* CoreLocation.framework */; };
		A3805C5249D14C978D9C1256 /* AVFoundation.framework in Frameworks */ = {isa = PBXBuildFile; fileRef = FFE8D73CF17F4212945AA817 /* AVFoundation.framework */; };
		CB2AA071095E4E9189089588 /* CDVDevice.m in Sources */ = {isa = PBXBuildFile; fileRef = B7412E27AE63456DBDACAA0C /* CDVDevice.m */; };
		E8E772E9EC8442DEB80984CA /* CDVNotification.m in Sources */ = {isa = PBXBuildFile; fileRef = 84120C4205194E0C916008AF /* CDVNotification.m */; };
		C1AFC63198B34290BED25CFF /* CDVNotification.bundle in Resources */ = {isa = PBXBuildFile; fileRef = E9E661735BC64EE5961813B7 /* CDVNotification.bundle */; };
		9F3C0621A6124DD980453F10 /* AudioToolbox.framework in Frameworks */ = {isa = PBXBuildFile; fileRef = 78263DFE4C2D4D209CC8BA51 /* AudioToolbox.framework */; settings = {ATTRIBUTES = (Weak, ); }; };
		DF3C23830ECB4865BBD4C814 /* CDVLocation.m in Sources */ = {isa = PBXBuildFile; fileRef = 8E8C0FFBAA074215ACD283C2 /* CDVLocation.m */; };
		D9054927408B4602A9077A2F /* CDVInAppBrowser.m in Sources */ = {isa = PBXBuildFile; fileRef = 32A65CC59F0A4AD8AE98A350 /* CDVInAppBrowser.m */; };
		60700EFBD83A494EB98B6D6E /* CDVConnection.m in Sources */ = {isa = PBXBuildFile; fileRef = 1CA28963DE7D4D5CBCF407E5 /* CDVConnection.m */; };
		3338A8AF928E4E9F856B0B7F /* CDVReachability.m in Sources */ = {isa = PBXBuildFile; fileRef = 6ED6A44E75D94D35B03DD88E /* CDVReachability.m */; };
		87388648E02F456B98EBAAE9 /* SystemConfiguration.framework in Frameworks */ = {isa = PBXBuildFile; fileRef = ED60007168A649919CEF0367 /* SystemConfiguration.framework */; settings = {ATTRIBUTES = (Weak, ); }; };
		B7815A7944124CCAA221E339 /* CoreTelephony.framework in Frameworks */ = {isa = PBXBuildFile; fileRef = 5FE73AF3E422469C8B9FA5A3 /* CoreTelephony.framework */; };
		AE8BD7B72A6747B18C1EEFC0 /* CDVSplashScreen.m in Sources */ = {isa = PBXBuildFile; fileRef = 4762732CD43D476699F07458 /* CDVSplashScreen.m */; };
		804619759F6541B2A7ED098D /* CDVViewController+SplashScreen.m in Sources */ = {isa = PBXBuildFile; fileRef = 1EA8DDFA3E0C4563A791A14D /* CDVViewController+SplashScreen.m */; };
		7E159B1BC9F04598BDC1D1D1 /* CDVStatusBar.m in Sources */ = {isa = PBXBuildFile; fileRef = 6E229D740F3C4732ACCB2574 /* CDVStatusBar.m */; };
		652021CA95994B8281631193 /* CDVBarcodeScanner.mm in Resources */ = {isa = PBXBuildFile; fileRef = BC10A25748D24AFFBDBB411E /* CDVBarcodeScanner.mm */; settings = {COMPILER_FLAGS = "-fno-objc-arc"; }; };
		542ED49E7D514498A4C730EF /* zxing-all-in-one.cpp in Resources */ = {isa = PBXBuildFile; fileRef = 5F2F4A0E7EEA400D824FA6D8 /* zxing-all-in-one.cpp */; };
		186523FD1F7E4047966B310E /* scannerOverlay.xib in Resources */ = {isa = PBXBuildFile; fileRef = B2346B4BF4E84294A48B677E /* scannerOverlay.xib */; };
		55025988863D4F7DA67EB512 /* CDVBarcodeScanner.bundle in Resources */ = {isa = PBXBuildFile; fileRef = 33A1091D7ED24F3F8E98A4C9 /* CDVBarcodeScanner.bundle */; };
		1EEB9DD89D7D4E36A5A7EEE1 /* libiconv.dylib in Frameworks */ = {isa = PBXBuildFile; fileRef = FEE63C58044948D2B947A7DD /* libiconv.dylib */; };
		A3DEC19148B14CA9BB8B1CD3 /* CoreVideo.framework in Frameworks */ = {isa = PBXBuildFile; fileRef = 7A4CF3DCE874498FBB130D05 /* CoreVideo.framework */; };
		A95DFD82DFF04AEC8C68F937 /* QuartzCore.framework in Frameworks */ = {isa = PBXBuildFile; fileRef = A736EEF9244A457889D6C4D1 /* QuartzCore.framework */; };
		CEC7DA58C0CE4F74AD2FC11A /* CoreImage.framework in Frameworks */ = {isa = PBXBuildFile; fileRef = 7320CCA23E8F44228A0F5286 /* CoreImage.framework */; };
		5C12D3A17B72452BBC978E2F /* SQLitePlugin.m in Sources */ = {isa = PBXBuildFile; fileRef = B062F0FBDD9646F2AADE1EC1 /* SQLitePlugin.m */; };
		DF48EE10BD5A4CAD988645BC /* sqlite3.c in Resources */ = {isa = PBXBuildFile; fileRef = 54E17B44C3DD43C58E5B527A /* sqlite3.c */; settings = {COMPILER_FLAGS = "-DSQLITE_TEMP_STORE=2 -DSQLITE_THREADSAFE=2 -DSQLITE_ENABLE_FTS3 -DSQLITE_ENABLE_FTS3_PARENTHESIS -DSQLITE_ENABLE_FTS4 -DSQLITE_ENABLE_COLUMN_METADATA -DSQLITE_ENABLE_RTREE -DSQLITE_LOCKING_STYLE=1 -DSQLITE_OMIT_BUILTIN_TEST -DSQLITE_OMIT_LOAD_EXTENSION"; }; };
		DD83AA5431DD4A1C8E8DB421 /* CDVFile.m in Sources */ = {isa = PBXBuildFile; fileRef = 46827DDFD4654C5DB6CFAF13 /* CDVFile.m */; };
		C75692E37F0F420BBCF9E8A5 /* CDVLocalFilesystem.m in Sources */ = {isa = PBXBuildFile; fileRef = 7FE03448A317457FAEFBC563 /* CDVLocalFilesystem.m */; };
		1BCF9748B0B54C07BC94CA22 /* CDVAssetLibraryFilesystem.m in Sources */ = {isa = PBXBuildFile; fileRef = 3BB20B277B8D40558FD6955D /* CDVAssetLibraryFilesystem.m */; };
		856B51E29D5D4667B7B21170 /* CDVFileTransfer.m in Sources */ = {isa = PBXBuildFile; fileRef = B80C7E6877A34FF5A1511A42 /* CDVFileTransfer.m */; };
		8C774A1A73224A7E9C511420 /* MessageUI.framework in Frameworks */ = {isa = PBXBuildFile; fileRef = CB44C7EB4293407E93702DCD /* MessageUI.framework */; };
		60DFE8118AA04E8981B56753 /* CDVContacts.m in Sources */ = {isa = PBXBuildFile; fileRef = 36FB248FD46D4D94B272E8E5 /* CDVContacts.m */; };
		70580AF428C640B28F8A9D17 /* CDVContact.m in Sources */ = {isa = PBXBuildFile; fileRef = EC684364670145A8B110C62C /* CDVContact.m */; };
		41A3909E5FE148559AFA11BA /* AddressBook.framework in Frameworks */ = {isa = PBXBuildFile; fileRef = 1857953E377243CCA41E5F6B /* AddressBook.framework */; settings = {ATTRIBUTES = (Weak, ); }; };
		5070A04F2BF043E89F6A9FE4 /* AddressBookUI.framework in Frameworks */ = {isa = PBXBuildFile; fileRef = 7811760180AE446DB94676EE /* AddressBookUI.framework */; settings = {ATTRIBUTES = (Weak, ); }; };
		B01432B29FBA414682030BB7 /* APPEmailComposer.m in Sources */ = {isa = PBXBuildFile; fileRef = B2974E7FCAD84C1E8813A285 /* APPEmailComposer.m */; };
		8375E17D330B4685B3BF1ACE /* APPEmailComposerImpl.m in Sources */ = {isa = PBXBuildFile; fileRef = EB05CFE567384C428B7AACAB /* APPEmailComposerImpl.m */; };
		DFD50B955EEC41FBA746200D /* ContactPicker.m in Sources */ = {isa = PBXBuildFile; fileRef = 1B57DEF673C643C7A6DFD238 /* ContactPicker.m */; };
/* End PBXBuildFile section */

/* Begin PBXContainerItemProxy section */
		301BF534109A57CC0062928A /* PBXContainerItemProxy */ = {
			isa = PBXContainerItemProxy;
			containerPortal = 301BF52D109A57CC0062928A /* CordovaLib.xcodeproj */;
			proxyType = 2;
			remoteGlobalIDString = D2AAC07E0554694100DB518D;
			remoteInfo = CordovaLib;
		};
		301BF550109A68C00062928A /* PBXContainerItemProxy */ = {
			isa = PBXContainerItemProxy;
			containerPortal = 301BF52D109A57CC0062928A /* CordovaLib.xcodeproj */;
			proxyType = 1;
			remoteGlobalIDString = D2AAC07D0554694100DB518D;
			remoteInfo = CordovaLib;
		};
/* End PBXContainerItemProxy section */

/* Begin PBXFileReference section */
		0207DA571B56EA530066E2B4 /* Images.xcassets */ = {isa = PBXFileReference; lastKnownFileType = folder.assetcatalog; name = Images.xcassets; path = "To-do-list/Images.xcassets"; sourceTree = SOURCE_ROOT; };
		1D3623240D0F684500981E51 /* AppDelegate.h */ = {isa = PBXFileReference; fileEncoding = 4; lastKnownFileType = sourcecode.c.h; path = AppDelegate.h; sourceTree = "<group>"; };
		1D3623250D0F684500981E51 /* AppDelegate.m */ = {isa = PBXFileReference; fileEncoding = 4; lastKnownFileType = sourcecode.c.objc; path = AppDelegate.m; sourceTree = "<group>"; };
		1D6058910D05DD3D006BFB54 /* To-do-list.app */ = {isa = PBXFileReference; explicitFileType = wrapper.application; includeInIndex = 0; path = "To-do-list.app"; sourceTree = BUILT_PRODUCTS_DIR; };
		29B97316FDCFA39411CA2CEA /* main.m */ = {isa = PBXFileReference; fileEncoding = 4; lastKnownFileType = sourcecode.c.objc; path = main.m; sourceTree = "<group>"; };
		301BF52D109A57CC0062928A /* CordovaLib.xcodeproj */ = {isa = PBXFileReference; lastKnownFileType = "wrapper.pb-project"; name = CordovaLib.xcodeproj; path = CordovaLib/CordovaLib.xcodeproj; sourceTree = "<group>"; };
		301BF56E109A69640062928A /* www */ = {isa = PBXFileReference; lastKnownFileType = folder; path = www; sourceTree = SOURCE_ROOT; };
		302D95EE14D2391D003F00A1 /* MainViewController.h */ = {isa = PBXFileReference; fileEncoding = 4; lastKnownFileType = sourcecode.c.h; path = MainViewController.h; sourceTree = "<group>"; };
		302D95EF14D2391D003F00A1 /* MainViewController.m */ = {isa = PBXFileReference; fileEncoding = 4; lastKnownFileType = sourcecode.c.objc; path = MainViewController.m; sourceTree = "<group>"; };
		302D95F014D2391D003F00A1 /* MainViewController.xib */ = {isa = PBXFileReference; fileEncoding = 4; lastKnownFileType = file.xib; path = MainViewController.xib; sourceTree = "<group>"; };
		3047A50F1AB8059700498E2A /* build-debug.xcconfig */ = {isa = PBXFileReference; fileEncoding = 4; lastKnownFileType = text.xcconfig; name = "build-debug.xcconfig"; path = cordova/build-debug.xcconfig; sourceTree = SOURCE_ROOT; };
		3047A5101AB8059700498E2A /* build-release.xcconfig */ = {isa = PBXFileReference; fileEncoding = 4; lastKnownFileType = text.xcconfig; name = "build-release.xcconfig"; path = cordova/build-release.xcconfig; sourceTree = SOURCE_ROOT; };
		3047A5111AB8059700498E2A /* build.xcconfig */ = {isa = PBXFileReference; fileEncoding = 4; lastKnownFileType = text.xcconfig; name = build.xcconfig; path = cordova/build.xcconfig; sourceTree = SOURCE_ROOT; };
		32CA4F630368D1EE00C91783 /* To-do-list-Prefix.pch */ = {isa = PBXFileReference; fileEncoding = 4; lastKnownFileType = sourcecode.c.h; path = "To-do-list-Prefix.pch"; sourceTree = "<group>"; };
		8D1107310486CEB800E47090 /* To-do-list-Info.plist */ = {isa = PBXFileReference; fileEncoding = 4; lastKnownFileType = text.plist.xml; name = "To-do-list-Info.plist"; path = "To-do-list/To-do-list-Info.plist"; plistStructureDefinitionIdentifier = "com.apple.xcode.plist.structure-definition.iphone.info-plist"; sourceTree = SOURCE_ROOT; };
		EB87FDF31871DA8E0020F90C /* www */ = {isa = PBXFileReference; lastKnownFileType = folder; name = www; path = ../../www; sourceTree = "<group>"; };
		EB87FDF41871DAF40020F90C /* config.xml */ = {isa = PBXFileReference; lastKnownFileType = text.xml; name = config.xml; path = ../../config.xml; sourceTree = "<group>"; };
		F840E1F0165FE0F500CFE078 /* config.xml */ = {isa = PBXFileReference; lastKnownFileType = text.xml; name = config.xml; path = "To-do-list/config.xml"; sourceTree = "<group>"; };
		ED33DF2A687741AEAF9F8254 /* Bridging-Header.h */ = {isa = PBXFileReference; fileEncoding = 4; lastKnownFileType = sourcecode.c.h; name = "Bridging-Header.h"; path = "Bridging-Header.h"; sourceTree = "<group>"; };
		AD64ADE8A39C4B27B410CCBA /* UIImage+CropScaleOrientation.m */ = {isa = PBXFileReference; name = "UIImage+CropScaleOrientation.m"; path = "cordova-plugin-camera/UIImage+CropScaleOrientation.m"; sourceTree = "<group>"; fileEncoding = 4; lastKnownFileType = sourcecode.c.objc; explicitFileType = undefined; includeInIndex = 0; };
		DC0C6D39A2624CEB9F0067C9 /* CDVCamera.m */ = {isa = PBXFileReference; name = "CDVCamera.m"; path = "cordova-plugin-camera/CDVCamera.m"; sourceTree = "<group>"; fileEncoding = 4; lastKnownFileType = sourcecode.c.objc; explicitFileType = undefined; includeInIndex = 0; };
		D5217B6C338F40EC99BAB2C5 /* CDVJpegHeaderWriter.m */ = {isa = PBXFileReference; name = "CDVJpegHeaderWriter.m"; path = "cordova-plugin-camera/CDVJpegHeaderWriter.m"; sourceTree = "<group>"; fileEncoding = 4; lastKnownFileType = sourcecode.c.objc; explicitFileType = undefined; includeInIndex = 0; };
		1D0A92693C2D4DC892EF805E /* UIImage+CropScaleOrientation.h */ = {isa = PBXFileReference; name = "UIImage+CropScaleOrientation.h"; path = "cordova-plugin-camera/UIImage+CropScaleOrientation.h"; sourceTree = "<group>"; fileEncoding = 4; lastKnownFileType = sourcecode.c.h; explicitFileType = undefined; includeInIndex = 0; };
		62AAD298159F4AA6A9E87C70 /* CDVCamera.h */ = {isa = PBXFileReference; name = "CDVCamera.h"; path = "cordova-plugin-camera/CDVCamera.h"; sourceTree = "<group>"; fileEncoding = 4; lastKnownFileType = sourcecode.c.h; explicitFileType = undefined; includeInIndex = 0; };
		6D4286FB20924D2A9274016B /* CDVJpegHeaderWriter.h */ = {isa = PBXFileReference; name = "CDVJpegHeaderWriter.h"; path = "cordova-plugin-camera/CDVJpegHeaderWriter.h"; sourceTree = "<group>"; fileEncoding = 4; lastKnownFileType = sourcecode.c.h; explicitFileType = undefined; includeInIndex = 0; };
		B0F37F31DBB04BF49FA0895E /* CDVExif.h */ = {isa = PBXFileReference; name = "CDVExif.h"; path = "cordova-plugin-camera/CDVExif.h"; sourceTree = "<group>"; fileEncoding = 4; lastKnownFileType = sourcecode.c.h; explicitFileType = undefined; includeInIndex = 0; };
		7A2159ACFB564D2383FC2283 /* ImageIO.framework */ = {isa = PBXFileReference; name = "ImageIO.framework"; path = "System/Library/Frameworks/ImageIO.framework"; sourceTree = SDKROOT; fileEncoding = undefined; lastKnownFileType = wrapper.framework; explicitFileType = undefined; includeInIndex = 0; };
		4D3053C52EB54CEA99931645 /* CoreLocation.framework */ = {isa = PBXFileReference; name = "CoreLocation.framework"; path = "System/Library/Frameworks/CoreLocation.framework"; sourceTree = SDKROOT; fileEncoding = undefined; lastKnownFileType = wrapper.framework; explicitFileType = undefined; includeInIndex = 0; };
		FFE8D73CF17F4212945AA817 /* AVFoundation.framework */ = {isa = PBXFileReference; name = "AVFoundation.framework"; path = "System/Library/Frameworks/AVFoundation.framework"; sourceTree = SDKROOT; fileEncoding = undefined; lastKnownFileType = wrapper.framework; explicitFileType = undefined; includeInIndex = 0; };
		B7412E27AE63456DBDACAA0C /* CDVDevice.m */ = {isa = PBXFileReference; name = "CDVDevice.m"; path = "cordova-plugin-device/CDVDevice.m"; sourceTree = "<group>"; fileEncoding = 4; lastKnownFileType = sourcecode.c.objc; explicitFileType = undefined; includeInIndex = 0; };
		665FDB3A3FE94B6587CEFF3C /* CDVDevice.h */ = {isa = PBXFileReference; name = "CDVDevice.h"; path = "cordova-plugin-device/CDVDevice.h"; sourceTree = "<group>"; fileEncoding = 4; lastKnownFileType = sourcecode.c.h; explicitFileType = undefined; includeInIndex = 0; };
		84120C4205194E0C916008AF /* CDVNotification.m */ = {isa = PBXFileReference; name = "CDVNotification.m"; path = "cordova-plugin-dialogs/CDVNotification.m"; sourceTree = "<group>"; fileEncoding = 4; lastKnownFileType = sourcecode.c.objc; explicitFileType = undefined; includeInIndex = 0; };
		4983BCF7ADD646F09937423C /* CDVNotification.h */ = {isa = PBXFileReference; name = "CDVNotification.h"; path = "cordova-plugin-dialogs/CDVNotification.h"; sourceTree = "<group>"; fileEncoding = 4; lastKnownFileType = sourcecode.c.h; explicitFileType = undefined; includeInIndex = 0; };
		E9E661735BC64EE5961813B7 /* CDVNotification.bundle */ = {isa = PBXFileReference; name = "CDVNotification.bundle"; path = "CDVNotification.bundle"; sourceTree = "<group>"; fileEncoding = undefined; lastKnownFileType = wrapper.plug-in; explicitFileType = undefined; includeInIndex = 0; };
		78263DFE4C2D4D209CC8BA51 /* AudioToolbox.framework */ = {isa = PBXFileReference; name = "AudioToolbox.framework"; path = "System/Library/Frameworks/AudioToolbox.framework"; sourceTree = SDKROOT; fileEncoding = undefined; lastKnownFileType = wrapper.framework; explicitFileType = undefined; includeInIndex = 0; };
		8E8C0FFBAA074215ACD283C2 /* CDVLocation.m */ = {isa = PBXFileReference; name = "CDVLocation.m"; path = "cordova-plugin-geolocation/CDVLocation.m"; sourceTree = "<group>"; fileEncoding = 4; lastKnownFileType = sourcecode.c.objc; explicitFileType = undefined; includeInIndex = 0; };
		1ECD641CF1D74A29A89A77CB /* CDVLocation.h */ = {isa = PBXFileReference; name = "CDVLocation.h"; path = "cordova-plugin-geolocation/CDVLocation.h"; sourceTree = "<group>"; fileEncoding = 4; lastKnownFileType = sourcecode.c.h; explicitFileType = undefined; includeInIndex = 0; };
		32A65CC59F0A4AD8AE98A350 /* CDVInAppBrowser.m */ = {isa = PBXFileReference; name = "CDVInAppBrowser.m"; path = "cordova-plugin-inappbrowser/CDVInAppBrowser.m"; sourceTree = "<group>"; fileEncoding = 4; lastKnownFileType = sourcecode.c.objc; explicitFileType = undefined; includeInIndex = 0; };
		465B5A822AB144869551F0A4 /* CDVInAppBrowser.h */ = {isa = PBXFileReference; name = "CDVInAppBrowser.h"; path = "cordova-plugin-inappbrowser/CDVInAppBrowser.h"; sourceTree = "<group>"; fileEncoding = 4; lastKnownFileType = sourcecode.c.h; explicitFileType = undefined; includeInIndex = 0; };
		1CA28963DE7D4D5CBCF407E5 /* CDVConnection.m */ = {isa = PBXFileReference; name = "CDVConnection.m"; path = "cordova-plugin-network-information/CDVConnection.m"; sourceTree = "<group>"; fileEncoding = 4; lastKnownFileType = sourcecode.c.objc; explicitFileType = undefined; includeInIndex = 0; };
		6ED6A44E75D94D35B03DD88E /* CDVReachability.m */ = {isa = PBXFileReference; name = "CDVReachability.m"; path = "cordova-plugin-network-information/CDVReachability.m"; sourceTree = "<group>"; fileEncoding = 4; lastKnownFileType = sourcecode.c.objc; explicitFileType = undefined; includeInIndex = 0; };
		65489D8598F54A84A0507678 /* CDVConnection.h */ = {isa = PBXFileReference; name = "CDVConnection.h"; path = "cordova-plugin-network-information/CDVConnection.h"; sourceTree = "<group>"; fileEncoding = 4; lastKnownFileType = sourcecode.c.h; explicitFileType = undefined; includeInIndex = 0; };
		A79C1D560C554F9A858166BA /* CDVReachability.h */ = {isa = PBXFileReference; name = "CDVReachability.h"; path = "cordova-plugin-network-information/CDVReachability.h"; sourceTree = "<group>"; fileEncoding = 4; lastKnownFileType = sourcecode.c.h; explicitFileType = undefined; includeInIndex = 0; };
		ED60007168A649919CEF0367 /* SystemConfiguration.framework */ = {isa = PBXFileReference; name = "SystemConfiguration.framework"; path = "System/Library/Frameworks/SystemConfiguration.framework"; sourceTree = SDKROOT; fileEncoding = undefined; lastKnownFileType = wrapper.framework; explicitFileType = undefined; includeInIndex = 0; };
		5FE73AF3E422469C8B9FA5A3 /* CoreTelephony.framework */ = {isa = PBXFileReference; name = "CoreTelephony.framework"; path = "System/Library/Frameworks/CoreTelephony.framework"; sourceTree = SDKROOT; fileEncoding = undefined; lastKnownFileType = wrapper.framework; explicitFileType = undefined; includeInIndex = 0; };
		4762732CD43D476699F07458 /* CDVSplashScreen.m */ = {isa = PBXFileReference; name = "CDVSplashScreen.m"; path = "cordova-plugin-splashscreen/CDVSplashScreen.m"; sourceTree = "<group>"; fileEncoding = 4; lastKnownFileType = sourcecode.c.objc; explicitFileType = undefined; includeInIndex = 0; };
		1EA8DDFA3E0C4563A791A14D /* CDVViewController+SplashScreen.m */ = {isa = PBXFileReference; name = "CDVViewController+SplashScreen.m"; path = "cordova-plugin-splashscreen/CDVViewController+SplashScreen.m"; sourceTree = "<group>"; fileEncoding = 4; lastKnownFileType = sourcecode.c.objc; explicitFileType = undefined; includeInIndex = 0; };
		592CDCC9521C4793AA9900AA /* CDVSplashScreen.h */ = {isa = PBXFileReference; name = "CDVSplashScreen.h"; path = "cordova-plugin-splashscreen/CDVSplashScreen.h"; sourceTree = "<group>"; fileEncoding = 4; lastKnownFileType = sourcecode.c.h; explicitFileType = undefined; includeInIndex = 0; };
		1E65A51DA45C4861B59783E8 /* CDVViewController+SplashScreen.h */ = {isa = PBXFileReference; name = "CDVViewController+SplashScreen.h"; path = "cordova-plugin-splashscreen/CDVViewController+SplashScreen.h"; sourceTree = "<group>"; fileEncoding = 4; lastKnownFileType = sourcecode.c.h; explicitFileType = undefined; includeInIndex = 0; };
		6E229D740F3C4732ACCB2574 /* CDVStatusBar.m */ = {isa = PBXFileReference; name = "CDVStatusBar.m"; path = "cordova-plugin-statusbar/CDVStatusBar.m"; sourceTree = "<group>"; fileEncoding = 4; lastKnownFileType = sourcecode.c.objc; explicitFileType = undefined; includeInIndex = 0; };
		9C87A80B92C24A1F99738912 /* CDVStatusBar.h */ = {isa = PBXFileReference; name = "CDVStatusBar.h"; path = "cordova-plugin-statusbar/CDVStatusBar.h"; sourceTree = "<group>"; fileEncoding = 4; lastKnownFileType = sourcecode.c.h; explicitFileType = undefined; includeInIndex = 0; };
		BC10A25748D24AFFBDBB411E /* CDVBarcodeScanner.mm */ = {isa = PBXFileReference; name = "CDVBarcodeScanner.mm"; path = "phonegap-plugin-barcodescanner/CDVBarcodeScanner.mm"; sourceTree = "<group>"; fileEncoding = undefined; lastKnownFileType = unknown; explicitFileType = undefined; includeInIndex = 0; };
		5F2F4A0E7EEA400D824FA6D8 /* zxing-all-in-one.cpp */ = {isa = PBXFileReference; name = "zxing-all-in-one.cpp"; path = "phonegap-plugin-barcodescanner/zxing-all-in-one.cpp"; sourceTree = "<group>"; fileEncoding = undefined; lastKnownFileType = unknown; explicitFileType = undefined; includeInIndex = 0; };
		C7608B0DB3CC4BE694FDA3D9 /* zxing-all-in-one.h */ = {isa = PBXFileReference; name = "zxing-all-in-one.h"; path = "phonegap-plugin-barcodescanner/zxing-all-in-one.h"; sourceTree = "<group>"; fileEncoding = 4; lastKnownFileType = sourcecode.c.h; explicitFileType = undefined; includeInIndex = 0; };
		B2346B4BF4E84294A48B677E /* scannerOverlay.xib */ = {isa = PBXFileReference; name = "scannerOverlay.xib"; path = "scannerOverlay.xib"; sourceTree = "<group>"; fileEncoding = undefined; lastKnownFileType = file.xib; explicitFileType = undefined; includeInIndex = 0; };
		33A1091D7ED24F3F8E98A4C9 /* CDVBarcodeScanner.bundle */ = {isa = PBXFileReference; name = "CDVBarcodeScanner.bundle"; path = "CDVBarcodeScanner.bundle"; sourceTree = "<group>"; fileEncoding = undefined; lastKnownFileType = wrapper.plug-in; explicitFileType = undefined; includeInIndex = 0; };
		FEE63C58044948D2B947A7DD /* libiconv.dylib */ = {isa = PBXFileReference; name = "libiconv.dylib"; path = "usr/lib/libiconv.dylib"; sourceTree = SDKROOT; fileEncoding = undefined; lastKnownFileType = compiled.mach-o.dylib; explicitFileType = undefined; includeInIndex = 0; };
		7A4CF3DCE874498FBB130D05 /* CoreVideo.framework */ = {isa = PBXFileReference; name = "CoreVideo.framework"; path = "System/Library/Frameworks/CoreVideo.framework"; sourceTree = SDKROOT; fileEncoding = undefined; lastKnownFileType = wrapper.framework; explicitFileType = undefined; includeInIndex = 0; };
		A736EEF9244A457889D6C4D1 /* QuartzCore.framework */ = {isa = PBXFileReference; name = "QuartzCore.framework"; path = "System/Library/Frameworks/QuartzCore.framework"; sourceTree = SDKROOT; fileEncoding = undefined; lastKnownFileType = wrapper.framework; explicitFileType = undefined; includeInIndex = 0; };
		7320CCA23E8F44228A0F5286 /* CoreImage.framework */ = {isa = PBXFileReference; name = "CoreImage.framework"; path = "System/Library/Frameworks/CoreImage.framework"; sourceTree = SDKROOT; fileEncoding = undefined; lastKnownFileType = wrapper.framework; explicitFileType = undefined; includeInIndex = 0; };
		B062F0FBDD9646F2AADE1EC1 /* SQLitePlugin.m */ = {isa = PBXFileReference; name = "SQLitePlugin.m"; path = "cordova-sqlite-storage/SQLitePlugin.m"; sourceTree = "<group>"; fileEncoding = 4; lastKnownFileType = sourcecode.c.objc; explicitFileType = undefined; includeInIndex = 0; };
		54E17B44C3DD43C58E5B527A /* sqlite3.c */ = {isa = PBXFileReference; name = "sqlite3.c"; path = "cordova-sqlite-storage/sqlite3.c"; sourceTree = "<group>"; fileEncoding = undefined; lastKnownFileType = unknown; explicitFileType = undefined; includeInIndex = 0; };
		17EC61E64B1D4B1C8B023BA3 /* SQLitePlugin.h */ = {isa = PBXFileReference; name = "SQLitePlugin.h"; path = "cordova-sqlite-storage/SQLitePlugin.h"; sourceTree = "<group>"; fileEncoding = 4; lastKnownFileType = sourcecode.c.h; explicitFileType = undefined; includeInIndex = 0; };
		7001E015ED994C2F86504677 /* sqlite3.h */ = {isa = PBXFileReference; name = "sqlite3.h"; path = "cordova-sqlite-storage/sqlite3.h"; sourceTree = "<group>"; fileEncoding = 4; lastKnownFileType = sourcecode.c.h; explicitFileType = undefined; includeInIndex = 0; };
		46827DDFD4654C5DB6CFAF13 /* CDVFile.m */ = {isa = PBXFileReference; name = "CDVFile.m"; path = "cordova-plugin-file/CDVFile.m"; sourceTree = "<group>"; fileEncoding = 4; lastKnownFileType = sourcecode.c.objc; explicitFileType = undefined; includeInIndex = 0; };
		7FE03448A317457FAEFBC563 /* CDVLocalFilesystem.m */ = {isa = PBXFileReference; name = "CDVLocalFilesystem.m"; path = "cordova-plugin-file/CDVLocalFilesystem.m"; sourceTree = "<group>"; fileEncoding = 4; lastKnownFileType = sourcecode.c.objc; explicitFileType = undefined; includeInIndex = 0; };
		3BB20B277B8D40558FD6955D /* CDVAssetLibraryFilesystem.m */ = {isa = PBXFileReference; name = "CDVAssetLibraryFilesystem.m"; path = "cordova-plugin-file/CDVAssetLibraryFilesystem.m"; sourceTree = "<group>"; fileEncoding = 4; lastKnownFileType = sourcecode.c.objc; explicitFileType = undefined; includeInIndex = 0; };
		A5F0E0397A194C5FB48BD0E7 /* CDVFile.h */ = {isa = PBXFileReference; name = "CDVFile.h"; path = "cordova-plugin-file/CDVFile.h"; sourceTree = "<group>"; fileEncoding = 4; lastKnownFileType = sourcecode.c.h; explicitFileType = undefined; includeInIndex = 0; };
		142D433EE5874E5282F7DD75 /* CDVLocalFilesystem.h */ = {isa = PBXFileReference; name = "CDVLocalFilesystem.h"; path = "cordova-plugin-file/CDVLocalFilesystem.h"; sourceTree = "<group>"; fileEncoding = 4; lastKnownFileType = sourcecode.c.h; explicitFileType = undefined; includeInIndex = 0; };
		D37FB755E29245A89124B8EC /* CDVAssetLibraryFilesystem.h */ = {isa = PBXFileReference; name = "CDVAssetLibraryFilesystem.h"; path = "cordova-plugin-file/CDVAssetLibraryFilesystem.h"; sourceTree = "<group>"; fileEncoding = 4; lastKnownFileType = sourcecode.c.h; explicitFileType = undefined; includeInIndex = 0; };
		B80C7E6877A34FF5A1511A42 /* CDVFileTransfer.m */ = {isa = PBXFileReference; name = "CDVFileTransfer.m"; path = "cordova-plugin-file-transfer/CDVFileTransfer.m"; sourceTree = "<group>"; fileEncoding = 4; lastKnownFileType = sourcecode.c.objc; explicitFileType = undefined; includeInIndex = 0; };
		7CFA2D1CAD1B47A08903A085 /* CDVFileTransfer.h */ = {isa = PBXFileReference; name = "CDVFileTransfer.h"; path = "cordova-plugin-file-transfer/CDVFileTransfer.h"; sourceTree = "<group>"; fileEncoding = 4; lastKnownFileType = sourcecode.c.h; explicitFileType = undefined; includeInIndex = 0; };
		CB44C7EB4293407E93702DCD /* MessageUI.framework */ = {isa = PBXFileReference; name = "MessageUI.framework"; path = "System/Library/Frameworks/MessageUI.framework"; sourceTree = SDKROOT; fileEncoding = undefined; lastKnownFileType = wrapper.framework; explicitFileType = undefined; includeInIndex = 0; };
		36FB248FD46D4D94B272E8E5 /* CDVContacts.m */ = {isa = PBXFileReference; name = "CDVContacts.m"; path = "cordova-plugin-contacts/CDVContacts.m"; sourceTree = "<group>"; fileEncoding = 4; lastKnownFileType = sourcecode.c.objc; explicitFileType = undefined; includeInIndex = 0; };
		EC684364670145A8B110C62C /* CDVContact.m */ = {isa = PBXFileReference; name = "CDVContact.m"; path = "cordova-plugin-contacts/CDVContact.m"; sourceTree = "<group>"; fileEncoding = 4; lastKnownFileType = sourcecode.c.objc; explicitFileType = undefined; includeInIndex = 0; };
		B44B8C9D81644E9BB579FDAC /* CDVContacts.h */ = {isa = PBXFileReference; name = "CDVContacts.h"; path = "cordova-plugin-contacts/CDVContacts.h"; sourceTree = "<group>"; fileEncoding = 4; lastKnownFileType = sourcecode.c.h; explicitFileType = undefined; includeInIndex = 0; };
		3D8FEE591CBE440F9BD867D9 /* CDVContact.h */ = {isa = PBXFileReference; name = "CDVContact.h"; path = "cordova-plugin-contacts/CDVContact.h"; sourceTree = "<group>"; fileEncoding = 4; lastKnownFileType = sourcecode.c.h; explicitFileType = undefined; includeInIndex = 0; };
		1857953E377243CCA41E5F6B /* AddressBook.framework */ = {isa = PBXFileReference; name = "AddressBook.framework"; path = "System/Library/Frameworks/AddressBook.framework"; sourceTree = SDKROOT; fileEncoding = undefined; lastKnownFileType = wrapper.framework; explicitFileType = undefined; includeInIndex = 0; };
		7811760180AE446DB94676EE /* AddressBookUI.framework */ = {isa = PBXFileReference; name = "AddressBookUI.framework"; path = "System/Library/Frameworks/AddressBookUI.framework"; sourceTree = SDKROOT; fileEncoding = undefined; lastKnownFileType = wrapper.framework; explicitFileType = undefined; includeInIndex = 0; };
		B2974E7FCAD84C1E8813A285 /* APPEmailComposer.m */ = {isa = PBXFileReference; name = "APPEmailComposer.m"; path = "cordova-plugin-email-composer/APPEmailComposer.m"; sourceTree = "<group>"; fileEncoding = 4; lastKnownFileType = sourcecode.c.objc; explicitFileType = undefined; includeInIndex = 0; };
		EB05CFE567384C428B7AACAB /* APPEmailComposerImpl.m */ = {isa = PBXFileReference; name = "APPEmailComposerImpl.m"; path = "cordova-plugin-email-composer/APPEmailComposerImpl.m"; sourceTree = "<group>"; fileEncoding = 4; lastKnownFileType = sourcecode.c.objc; explicitFileType = undefined; includeInIndex = 0; };
		DD416A4F1E1544D1BB96C14E /* APPEmailComposer.h */ = {isa = PBXFileReference; name = "APPEmailComposer.h"; path = "cordova-plugin-email-composer/APPEmailComposer.h"; sourceTree = "<group>"; fileEncoding = 4; lastKnownFileType = sourcecode.c.h; explicitFileType = undefined; includeInIndex = 0; };
		5000286DEC5749FF806654B9 /* APPEmailComposerImpl.h */ = {isa = PBXFileReference; name = "APPEmailComposerImpl.h"; path = "cordova-plugin-email-composer/APPEmailComposerImpl.h"; sourceTree = "<group>"; fileEncoding = 4; lastKnownFileType = sourcecode.c.h; explicitFileType = undefined; includeInIndex = 0; };
		1B57DEF673C643C7A6DFD238 /* ContactPicker.m */ = {isa = PBXFileReference; name = "ContactPicker.m"; path = "com-badrit-contactpicker/ContactPicker.m"; sourceTree = "<group>"; fileEncoding = 4; lastKnownFileType = sourcecode.c.objc; explicitFileType = undefined; includeInIndex = 0; };
		86ABD60F6C9547C88197B256 /* ContactPicker.h */ = {isa = PBXFileReference; name = "ContactPicker.h"; path = "com-badrit-contactpicker/ContactPicker.h"; sourceTree = "<group>"; fileEncoding = 4; lastKnownFileType = sourcecode.c.h; explicitFileType = undefined; includeInIndex = 0; };
/* End PBXFileReference section */

/* Begin PBXFrameworksBuildPhase section */
		1D60588F0D05DD3D006BFB54 /* Frameworks */ = {
			isa = PBXFrameworksBuildPhase;
			buildActionMask = 2147483647;
			files = (
				301BF552109A68D80062928A /* libCordova.a in Frameworks */,
				6B690616019245F98DE0EB8D /* ImageIO.framework in Frameworks */,
				215AD00EB52748A7BD0419DE /* CoreLocation.framework in Frameworks */,
				A3805C5249D14C978D9C1256 /* AVFoundation.framework in Frameworks */,
				9F3C0621A6124DD980453F10 /* AudioToolbox.framework in Frameworks */,
				87388648E02F456B98EBAAE9 /* SystemConfiguration.framework in Frameworks */,
				B7815A7944124CCAA221E339 /* CoreTelephony.framework in Frameworks */,
				1EEB9DD89D7D4E36A5A7EEE1 /* libiconv.dylib in Frameworks */,
				A3DEC19148B14CA9BB8B1CD3 /* CoreVideo.framework in Frameworks */,
				A95DFD82DFF04AEC8C68F937 /* QuartzCore.framework in Frameworks */,
				CEC7DA58C0CE4F74AD2FC11A /* CoreImage.framework in Frameworks */,
				8C774A1A73224A7E9C511420 /* MessageUI.framework in Frameworks */,
				41A3909E5FE148559AFA11BA /* AddressBook.framework in Frameworks */,
				5070A04F2BF043E89F6A9FE4 /* AddressBookUI.framework in Frameworks */,
			);
			runOnlyForDeploymentPostprocessing = 0;
		};
/* End PBXFrameworksBuildPhase section */

/* Begin PBXGroup section */
		080E96DDFE201D6D7F000001 /* Classes */ = {
			isa = PBXGroup;
			children = (
				302D95EE14D2391D003F00A1 /* MainViewController.h */,
				302D95EF14D2391D003F00A1 /* MainViewController.m */,
				302D95F014D2391D003F00A1 /* MainViewController.xib */,
				1D3623240D0F684500981E51 /* AppDelegate.h */,
				1D3623250D0F684500981E51 /* AppDelegate.m */,
			);
			name = Classes;
			path = "To-do-list/Classes";
			sourceTree = SOURCE_ROOT;
		};
		19C28FACFE9D520D11CA2CBB /* Products */ = {
			isa = PBXGroup;
			children = (
				1D6058910D05DD3D006BFB54 /* To-do-list.app */,
			);
			name = Products;
			sourceTree = "<group>";
		};
		29B97314FDCFA39411CA2CEA /* CustomTemplate */ = {
			isa = PBXGroup;
			children = (
				EB87FDF41871DAF40020F90C /* config.xml */,
				EB87FDF31871DA8E0020F90C /* www */,
				EB87FDF11871DA420020F90C /* Staging */,
				301BF52D109A57CC0062928A /* CordovaLib.xcodeproj */,
				080E96DDFE201D6D7F000001 /* Classes */,
				307C750510C5A3420062BCA9 /* Plugins */,
				29B97315FDCFA39411CA2CEA /* Other Sources */,
				29B97317FDCFA39411CA2CEA /* Resources */,
				29B97323FDCFA39411CA2CEA /* Frameworks */,
				19C28FACFE9D520D11CA2CBB /* Products */,
			);
			name = CustomTemplate;
			sourceTree = "<group>";
		};
		29B97315FDCFA39411CA2CEA /* Other Sources */ = {
			isa = PBXGroup;
			children = (
				32CA4F630368D1EE00C91783 /* To-do-list-Prefix.pch */,
				29B97316FDCFA39411CA2CEA /* main.m */,
				ED33DF2A687741AEAF9F8254 /* Bridging-Header.h */,
			);
			name = "Other Sources";
			path = "To-do-list";
			sourceTree = "<group>";
		};
		29B97317FDCFA39411CA2CEA /* Resources */ = {
			isa = PBXGroup;
			children = (
				0207DA571B56EA530066E2B4 /* Images.xcassets */,
				3047A50E1AB8057F00498E2A /* config */,
				8D1107310486CEB800E47090 /* To-do-list-Info.plist */,
				E9E661735BC64EE5961813B7 /* CDVNotification.bundle */,
				B2346B4BF4E84294A48B677E /* scannerOverlay.xib */,
				33A1091D7ED24F3F8E98A4C9 /* CDVBarcodeScanner.bundle */,
			);
			name = Resources;
			path = "To-do-list/Resources";
			sourceTree = "<group>";
		};
		29B97323FDCFA39411CA2CEA /* Frameworks */ = {
			isa = PBXGroup;
			children = (
				7A2159ACFB564D2383FC2283 /* ImageIO.framework */,
				4D3053C52EB54CEA99931645 /* CoreLocation.framework */,
				FFE8D73CF17F4212945AA817 /* AVFoundation.framework */,
				78263DFE4C2D4D209CC8BA51 /* AudioToolbox.framework */,
				ED60007168A649919CEF0367 /* SystemConfiguration.framework */,
				5FE73AF3E422469C8B9FA5A3 /* CoreTelephony.framework */,
				FEE63C58044948D2B947A7DD /* libiconv.dylib */,
				7A4CF3DCE874498FBB130D05 /* CoreVideo.framework */,
				A736EEF9244A457889D6C4D1 /* QuartzCore.framework */,
				7320CCA23E8F44228A0F5286 /* CoreImage.framework */,
				CB44C7EB4293407E93702DCD /* MessageUI.framework */,
				1857953E377243CCA41E5F6B /* AddressBook.framework */,
				7811760180AE446DB94676EE /* AddressBookUI.framework */,
			);
			name = Frameworks;
			sourceTree = "<group>";
		};
		301BF52E109A57CC0062928A /* Products */ = {
			isa = PBXGroup;
			children = (
				301BF535109A57CC0062928A /* libCordova.a */,
			);
			name = Products;
			sourceTree = "<group>";
		};
		3047A50E1AB8057F00498E2A /* config */ = {
			isa = PBXGroup;
			children = (
				3047A50F1AB8059700498E2A /* build-debug.xcconfig */,
				3047A5101AB8059700498E2A /* build-release.xcconfig */,
				3047A5111AB8059700498E2A /* build.xcconfig */,
			);
			name = config;
			sourceTree = "<group>";
		};
		307C750510C5A3420062BCA9 /* Plugins */ = {
			isa = PBXGroup;
			children = (
				AD64ADE8A39C4B27B410CCBA /* UIImage+CropScaleOrientation.m */,
				DC0C6D39A2624CEB9F0067C9 /* CDVCamera.m */,
				D5217B6C338F40EC99BAB2C5 /* CDVJpegHeaderWriter.m */,
				1D0A92693C2D4DC892EF805E /* UIImage+CropScaleOrientation.h */,
				62AAD298159F4AA6A9E87C70 /* CDVCamera.h */,
				6D4286FB20924D2A9274016B /* CDVJpegHeaderWriter.h */,
				B0F37F31DBB04BF49FA0895E /* CDVExif.h */,
				B7412E27AE63456DBDACAA0C /* CDVDevice.m */,
				665FDB3A3FE94B6587CEFF3C /* CDVDevice.h */,
				84120C4205194E0C916008AF /* CDVNotification.m */,
				4983BCF7ADD646F09937423C /* CDVNotification.h */,
				8E8C0FFBAA074215ACD283C2 /* CDVLocation.m */,
				1ECD641CF1D74A29A89A77CB /* CDVLocation.h */,
				32A65CC59F0A4AD8AE98A350 /* CDVInAppBrowser.m */,
				465B5A822AB144869551F0A4 /* CDVInAppBrowser.h */,
				1CA28963DE7D4D5CBCF407E5 /* CDVConnection.m */,
				6ED6A44E75D94D35B03DD88E /* CDVReachability.m */,
				65489D8598F54A84A0507678 /* CDVConnection.h */,
				A79C1D560C554F9A858166BA /* CDVReachability.h */,
				4762732CD43D476699F07458 /* CDVSplashScreen.m */,
				1EA8DDFA3E0C4563A791A14D /* CDVViewController+SplashScreen.m */,
				592CDCC9521C4793AA9900AA /* CDVSplashScreen.h */,
				1E65A51DA45C4861B59783E8 /* CDVViewController+SplashScreen.h */,
				6E229D740F3C4732ACCB2574 /* CDVStatusBar.m */,
				9C87A80B92C24A1F99738912 /* CDVStatusBar.h */,
				BC10A25748D24AFFBDBB411E /* CDVBarcodeScanner.mm */,
				5F2F4A0E7EEA400D824FA6D8 /* zxing-all-in-one.cpp */,
				C7608B0DB3CC4BE694FDA3D9 /* zxing-all-in-one.h */,
				B062F0FBDD9646F2AADE1EC1 /* SQLitePlugin.m */,
				54E17B44C3DD43C58E5B527A /* sqlite3.c */,
				17EC61E64B1D4B1C8B023BA3 /* SQLitePlugin.h */,
				7001E015ED994C2F86504677 /* sqlite3.h */,
				46827DDFD4654C5DB6CFAF13 /* CDVFile.m */,
				7FE03448A317457FAEFBC563 /* CDVLocalFilesystem.m */,
				3BB20B277B8D40558FD6955D /* CDVAssetLibraryFilesystem.m */,
				A5F0E0397A194C5FB48BD0E7 /* CDVFile.h */,
				142D433EE5874E5282F7DD75 /* CDVLocalFilesystem.h */,
				D37FB755E29245A89124B8EC /* CDVAssetLibraryFilesystem.h */,
				B80C7E6877A34FF5A1511A42 /* CDVFileTransfer.m */,
				7CFA2D1CAD1B47A08903A085 /* CDVFileTransfer.h */,
				36FB248FD46D4D94B272E8E5 /* CDVContacts.m */,
				EC684364670145A8B110C62C /* CDVContact.m */,
				B44B8C9D81644E9BB579FDAC /* CDVContacts.h */,
				3D8FEE591CBE440F9BD867D9 /* CDVContact.h */,
				B2974E7FCAD84C1E8813A285 /* APPEmailComposer.m */,
				EB05CFE567384C428B7AACAB /* APPEmailComposerImpl.m */,
				DD416A4F1E1544D1BB96C14E /* APPEmailComposer.h */,
				5000286DEC5749FF806654B9 /* APPEmailComposerImpl.h */,
				1B57DEF673C643C7A6DFD238 /* ContactPicker.m */,
				86ABD60F6C9547C88197B256 /* ContactPicker.h */,
			);
			name = Plugins;
			path = "To-do-list/Plugins";
			sourceTree = SOURCE_ROOT;
		};
		EB87FDF11871DA420020F90C /* Staging */ = {
			isa = PBXGroup;
			children = (
				F840E1F0165FE0F500CFE078 /* config.xml */,
				301BF56E109A69640062928A /* www */,
			);
			name = Staging;
			sourceTree = "<group>";
		};
/* End PBXGroup section */

/* Begin PBXNativeTarget section */
		1D6058900D05DD3D006BFB54 /* To-do-list */ = {
			isa = PBXNativeTarget;
			buildConfigurationList = 1D6058960D05DD3E006BFB54 /* Build configuration list for PBXNativeTarget "To-do-list" */;
			buildPhases = (
				304B58A110DAC018002A0835 /* Copy www directory */,
				1D60588D0D05DD3D006BFB54 /* Resources */,
				1D60588E0D05DD3D006BFB54 /* Sources */,
				1D60588F0D05DD3D006BFB54 /* Frameworks */,
			);
			buildRules = (
			);
			dependencies = (
				301BF551109A68C00062928A /* PBXTargetDependency */,
			);
			name = "To-do-list";
			productName = "To-do-list";
			productReference = 1D6058910D05DD3D006BFB54 /* To-do-list.app */;
			productType = "com.apple.product-type.application";
		};
/* End PBXNativeTarget section */

/* Begin PBXProject section */
		29B97313FDCFA39411CA2CEA /* Project object */ = {
			isa = PBXProject;
			attributes = {
				LastUpgradeCheck = 510;
			};
			buildConfigurationList = C01FCF4E08A954540054247B /* Build configuration list for PBXProject "__NON-CLI__" */;
			compatibilityVersion = "Xcode 3.2";
			developmentRegion = English;
			hasScannedForEncodings = 1;
			mainGroup = 29B97314FDCFA39411CA2CEA /* CustomTemplate */;
			projectDirPath = "";
			projectReferences = (
				{
					ProductGroup = 301BF52E109A57CC0062928A /* Products */;
					ProjectRef = 301BF52D109A57CC0062928A /* CordovaLib.xcodeproj */;
				},
			);
			projectRoot = "";
			targets = (
				1D6058900D05DD3D006BFB54 /* To-do-list */,
			);
		};
/* End PBXProject section */

/* Begin PBXReferenceProxy section */
		301BF535109A57CC0062928A /* libCordova.a */ = {
			isa = PBXReferenceProxy;
			fileType = archive.ar;
			path = libCordova.a;
			remoteRef = 301BF534109A57CC0062928A /* PBXContainerItemProxy */;
			sourceTree = BUILT_PRODUCTS_DIR;
		};
/* End PBXReferenceProxy section */

/* Begin PBXResourcesBuildPhase section */
		1D60588D0D05DD3D006BFB54 /* Resources */ = {
			isa = PBXResourcesBuildPhase;
			buildActionMask = 2147483647;
			files = (
				302D95F214D2391D003F00A1 /* MainViewController.xib in Resources */,
				0207DA581B56EA530066E2B4 /* Images.xcassets in Resources */,
				C1AFC63198B34290BED25CFF /* CDVNotification.bundle in Resources */,
				186523FD1F7E4047966B310E /* scannerOverlay.xib in Resources */,
				55025988863D4F7DA67EB512 /* CDVBarcodeScanner.bundle in Resources */,
			);
			runOnlyForDeploymentPostprocessing = 0;
		};
/* End PBXResourcesBuildPhase section */

/* Begin PBXShellScriptBuildPhase section */
		304B58A110DAC018002A0835 /* Copy www directory */ = {
			isa = PBXShellScriptBuildPhase;
			buildActionMask = 2147483647;
			files = (
			);
			inputPaths = (
			);
			name = "Copy www directory";
			outputPaths = (
			);
			runOnlyForDeploymentPostprocessing = 0;
			shellPath = /bin/sh;
			shellScript = "NODEJS_PATH=/usr/local/bin; NVM_NODE_PATH=~/.nvm/versions/node/`nvm version 2>/dev/null`/bin; N_NODE_PATH=`find /usr/local/n/versions/node/* -maxdepth 0 -type d 2>/dev/null | tail -1`/bin; XCODE_NODE_PATH=`xcode-select --print-path`/usr/share/xcs/Node/bin; PATH=$NODEJS_PATH:$NVM_NODE_PATH:$N_NODE_PATH:$XCODE_NODE_PATH:$PATH && node cordova/lib/copy-www-build-step.js";
			showEnvVarsInLog = 0;
		};
/* End PBXShellScriptBuildPhase section */

/* Begin PBXSourcesBuildPhase section */
		1D60588E0D05DD3D006BFB54 /* Sources */ = {
			isa = PBXSourcesBuildPhase;
			buildActionMask = 2147483647;
			files = (
				1D60589B0D05DD56006BFB54 /* main.m in Sources */,
				1D3623260D0F684500981E51 /* AppDelegate.m in Sources */,
				302D95F114D2391D003F00A1 /* MainViewController.m in Sources */,
				30C5FD277E3941BC8DBE4F5D /* UIImage+CropScaleOrientation.m in Sources */,
				4297072B1E044745BA349785 /* CDVCamera.m in Sources */,
				E7CB817653E544A29BA22E94 /* CDVJpegHeaderWriter.m in Sources */,
				CB2AA071095E4E9189089588 /* CDVDevice.m in Sources */,
				E8E772E9EC8442DEB80984CA /* CDVNotification.m in Sources */,
				DF3C23830ECB4865BBD4C814 /* CDVLocation.m in Sources */,
				D9054927408B4602A9077A2F /* CDVInAppBrowser.m in Sources */,
				60700EFBD83A494EB98B6D6E /* CDVConnection.m in Sources */,
				3338A8AF928E4E9F856B0B7F /* CDVReachability.m in Sources */,
				AE8BD7B72A6747B18C1EEFC0 /* CDVSplashScreen.m in Sources */,
				804619759F6541B2A7ED098D /* CDVViewController+SplashScreen.m in Sources */,
				7E159B1BC9F04598BDC1D1D1 /* CDVStatusBar.m in Sources */,
				652021CA95994B8281631193 /* CDVBarcodeScanner.mm in Resources */,
				542ED49E7D514498A4C730EF /* zxing-all-in-one.cpp in Resources */,
				5C12D3A17B72452BBC978E2F /* SQLitePlugin.m in Sources */,
				DF48EE10BD5A4CAD988645BC /* sqlite3.c in Resources */,
				DD83AA5431DD4A1C8E8DB421 /* CDVFile.m in Sources */,
				C75692E37F0F420BBCF9E8A5 /* CDVLocalFilesystem.m in Sources */,
				1BCF9748B0B54C07BC94CA22 /* CDVAssetLibraryFilesystem.m in Sources */,
				856B51E29D5D4667B7B21170 /* CDVFileTransfer.m in Sources */,
				60DFE8118AA04E8981B56753 /* CDVContacts.m in Sources */,
				70580AF428C640B28F8A9D17 /* CDVContact.m in Sources */,
				B01432B29FBA414682030BB7 /* APPEmailComposer.m in Sources */,
				8375E17D330B4685B3BF1ACE /* APPEmailComposerImpl.m in Sources */,
				DFD50B955EEC41FBA746200D /* ContactPicker.m in Sources */,
			);
			runOnlyForDeploymentPostprocessing = 0;
		};
/* End PBXSourcesBuildPhase section */

/* Begin PBXTargetDependency section */
		301BF551109A68C00062928A /* PBXTargetDependency */ = {
			isa = PBXTargetDependency;
			name = CordovaLib;
			targetProxy = 301BF550109A68C00062928A /* PBXContainerItemProxy */;
		};
/* End PBXTargetDependency section */

/* Begin XCBuildConfiguration section */
		1D6058940D05DD3E006BFB54 /* Debug */ = {
			isa = XCBuildConfiguration;
			baseConfigurationReference = 3047A50F1AB8059700498E2A /* build-debug.xcconfig */;
			buildSettings = {
				ALWAYS_SEARCH_USER_PATHS = NO;
				ASSETCATALOG_COMPILER_APPICON_NAME = AppIcon;
				ASSETCATALOG_COMPILER_LAUNCHIMAGE_NAME = LaunchImage;
				CLANG_ENABLE_MODULES = YES;
				CLANG_ENABLE_OBJC_ARC = YES;
				COPY_PHASE_STRIP = NO;
				GCC_DYNAMIC_NO_PIC = NO;
				GCC_OPTIMIZATION_LEVEL = 0;
				GCC_PRECOMPILE_PREFIX_HEADER = YES;
				GCC_PREFIX_HEADER = "To-do-list/To-do-list-Prefix.pch";
				GCC_THUMB_SUPPORT = NO;
				GCC_VERSION = "";
				INFOPLIST_FILE = "To-do-list/To-do-list-Info.plist";
				LD_RUNPATH_SEARCH_PATHS = "@executable_path/Frameworks";
				PRODUCT_NAME = "To-do-list";
				TARGETED_DEVICE_FAMILY = "1,2";
				IPHONEOS_DEPLOYMENT_TARGET = 7.0;
			};
			name = Debug;
		};
		1D6058950D05DD3E006BFB54 /* Release */ = {
			isa = XCBuildConfiguration;
			baseConfigurationReference = 3047A5101AB8059700498E2A /* build-release.xcconfig */;
			buildSettings = {
				ALWAYS_SEARCH_USER_PATHS = NO;
				ASSETCATALOG_COMPILER_APPICON_NAME = AppIcon;
				ASSETCATALOG_COMPILER_LAUNCHIMAGE_NAME = LaunchImage;
				CLANG_ENABLE_MODULES = YES;
				CLANG_ENABLE_OBJC_ARC = YES;
				COPY_PHASE_STRIP = YES;
				GCC_PRECOMPILE_PREFIX_HEADER = YES;
				GCC_PREFIX_HEADER = "To-do-list/To-do-list-Prefix.pch";
				GCC_THUMB_SUPPORT = NO;
				GCC_VERSION = "";
				INFOPLIST_FILE = "To-do-list/To-do-list-Info.plist";
				PRODUCT_NAME = "To-do-list";
				TARGETED_DEVICE_FAMILY = "1,2";
				IPHONEOS_DEPLOYMENT_TARGET = 7.0;
			};
			name = Release;
		};
		C01FCF4F08A954540054247B /* Debug */ = {
			isa = XCBuildConfiguration;
			baseConfigurationReference = 3047A5111AB8059700498E2A /* build.xcconfig */;
			buildSettings = {
				CLANG_ENABLE_MODULES = YES;
				CLANG_ENABLE_OBJC_ARC = YES;
				CLANG_WARN_BOOL_CONVERSION = YES;
				CLANG_WARN_CONSTANT_CONVERSION = YES;
				CLANG_WARN_EMPTY_BODY = YES;
				CLANG_WARN_ENUM_CONVERSION = YES;
				CLANG_WARN_INT_CONVERSION = YES;
				CLANG_WARN__DUPLICATE_METHOD_MATCH = YES;
				GCC_C_LANGUAGE_STANDARD = c99;
				GCC_THUMB_SUPPORT = NO;
				GCC_VERSION = "";
				GCC_WARN_ABOUT_RETURN_TYPE = YES;
				GCC_WARN_UNDECLARED_SELECTOR = YES;
				GCC_WARN_UNINITIALIZED_AUTOS = YES;
				GCC_WARN_UNUSED_FUNCTION = YES;
				GCC_WARN_UNUSED_VARIABLE = YES;
				ONLY_ACTIVE_ARCH = YES;
				SDKROOT = iphoneos;
				SKIP_INSTALL = NO;
				TARGETED_DEVICE_FAMILY = "1,2";
				IPHONEOS_DEPLOYMENT_TARGET = 7.0;
				PRODUCT_NAME = "To-do-list";
			};
			name = Debug;
		};
		C01FCF5008A954540054247B /* Release */ = {
			isa = XCBuildConfiguration;
			baseConfigurationReference = 3047A5111AB8059700498E2A /* build.xcconfig */;
			buildSettings = {
				CLANG_ENABLE_MODULES = YES;
				CLANG_ENABLE_OBJC_ARC = YES;
				CLANG_WARN_BOOL_CONVERSION = YES;
				CLANG_WARN_CONSTANT_CONVERSION = YES;
				CLANG_WARN_EMPTY_BODY = YES;
				CLANG_WARN_ENUM_CONVERSION = YES;
				CLANG_WARN_INT_CONVERSION = YES;
				CLANG_WARN__DUPLICATE_METHOD_MATCH = YES;
				GCC_C_LANGUAGE_STANDARD = c99;
				GCC_THUMB_SUPPORT = NO;
				GCC_VERSION = "";
				GCC_WARN_ABOUT_RETURN_TYPE = YES;
				GCC_WARN_UNDECLARED_SELECTOR = YES;
				GCC_WARN_UNINITIALIZED_AUTOS = YES;
				GCC_WARN_UNUSED_FUNCTION = YES;
				GCC_WARN_UNUSED_VARIABLE = YES;
				SDKROOT = iphoneos;
				SKIP_INSTALL = NO;
				TARGETED_DEVICE_FAMILY = "1,2";
				IPHONEOS_DEPLOYMENT_TARGET = 7.0;
				PRODUCT_NAME = "To-do-list";
			};
			name = Release;
		};
/* End XCBuildConfiguration section */

/* Begin XCConfigurationList section */
		1D6058960D05DD3E006BFB54 /* Build configuration list for PBXNativeTarget "To-do-list" */ = {
			isa = XCConfigurationList;
			buildConfigurations = (
				1D6058940D05DD3E006BFB54 /* Debug */,
				1D6058950D05DD3E006BFB54 /* Release */,
			);
			defaultConfigurationIsVisible = 0;
			defaultConfigurationName = Release;
		};
		C01FCF4E08A954540054247B /* Build configuration list for PBXProject "__NON-CLI__" */ = {
			isa = XCConfigurationList;
			buildConfigurations = (
				C01FCF4F08A954540054247B /* Debug */,
				C01FCF5008A954540054247B /* Release */,
			);
			defaultConfigurationIsVisible = 0;
			defaultConfigurationName = Release;
		};
/* End XCConfigurationList section */
	};
	rootObject = 29B97313FDCFA39411CA2CEA /* Project object */;
}
